// !$*UTF8*$!
{
	archiveVersion = 1;
	classes = {
	};
	objectVersion = 77;
	objects = {

/* Begin PBXBuildFile section */
		19EEBB2D2F16E78700619A56 /* MLX in Frameworks */ = {isa = PBXBuildFile; productRef = 19EEBB2C2F16E78700619A56 /* MLX */; };
		19EEBB2F2F16E78700619A56 /* MLXFFT in Frameworks */ = {isa = PBXBuildFile; productRef = 19EEBB2E2F16E78700619A56 /* MLXFFT */; };
		19EEBB312F16E78700619A56 /* MLXFast in Frameworks */ = {isa = PBXBuildFile; productRef = 19EEBB302F16E78700619A56 /* MLXFast */; };
		19EEBB332F16E78700619A56 /* MLXLinalg in Frameworks */ = {isa = PBXBuildFile; productRef = 19EEBB322F16E78700619A56 /* MLXLinalg */; };
		19EEBB352F16E78700619A56 /* MLXNN in Frameworks */ = {isa = PBXBuildFile; productRef = 19EEBB342F16E78700619A56 /* MLXNN */; };
		19EEBB382F16E7CA00619A56 /* Hub in Frameworks */ = {isa = PBXBuildFile; productRef = 19EEBB372F16E7CA00619A56 /* Hub */; };
		19EEBB3A2F16E7CA00619A56 /* Tokenizers in Frameworks */ = {isa = PBXBuildFile; productRef = 19EEBB392F16E7CA00619A56 /* Tokenizers */; };
		19EEBB3C2F16E7CA00619A56 /* Transformers in Frameworks */ = {isa = PBXBuildFile; productRef = 19EEBB3B2F16E7CA00619A56 /* Transformers */; };
/* End PBXBuildFile section */

/* Begin PBXCopyFilesBuildPhase section */
		19EEBB1F2F16A26900619A56 /* CopyFiles */ = {
			isa = PBXCopyFilesBuildPhase;
			buildActionMask = 2147483647;
			dstPath = /usr/share/man/man1/;
			dstSubfolderSpec = 0;
			files = (
			);
			runOnlyForDeploymentPostprocessing = 1;
		};
/* End PBXCopyFilesBuildPhase section */

/* Begin PBXFileReference section */
		19EEBB212F16A26900619A56 /* flux-dev-kontext-local */ = {isa = PBXFileReference; explicitFileType = "compiled.mach-o.executable"; includeInIndex = 0; path = "flux-dev-kontext-local"; sourceTree = BUILT_PRODUCTS_DIR; };
/* End PBXFileReference section */

/* Begin PBXFileSystemSynchronizedRootGroup section */
		19EEBB232F16A26900619A56 /* flux-dev-kontext-local */ = {
			isa = PBXFileSystemSynchronizedRootGroup;
			path = "flux-dev-kontext-local";
			sourceTree = "<group>";
		};
/* End PBXFileSystemSynchronizedRootGroup section */

/* Begin PBXFrameworksBuildPhase section */
		19EEBB1E2F16A26900619A56 /* Frameworks */ = {
			isa = PBXFrameworksBuildPhase;
			buildActionMask = 2147483647;
			files = (
				19EEBB382F16E7CA00619A56 /* Hub in Frameworks */,
				19EEBB3A2F16E7CA00619A56 /* Tokenizers in Frameworks */,
				19EEBB3C2F16E7CA00619A56 /* Transformers in Frameworks */,
				19EEBB312F16E78700619A56 /* MLXFast in Frameworks */,
				19EEBB332F16E78700619A56 /* MLXLinalg in Frameworks */,
				19EEBB2D2F16E78700619A56 /* MLX in Frameworks */,
				19EEBB352F16E78700619A56 /* MLXNN in Frameworks */,
				19EEBB2F2F16E78700619A56 /* MLXFFT in Frameworks */,
			);
			runOnlyForDeploymentPostprocessing = 0;
		};
/* End PBXFrameworksBuildPhase section */

/* Begin PBXGroup section */
		19EEBB182F16A26900619A56 = {
			isa = PBXGroup;
			children = (
				19EEBB232F16A26900619A56 /* flux-dev-kontext-local */,
				19EEBB222F16A26900619A56 /* Products */,
			);
			sourceTree = "<group>";
		};
		19EEBB222F16A26900619A56 /* Products */ = {
			isa = PBXGroup;
			children = (
				19EEBB212F16A26900619A56 /* flux-dev-kontext-local */,
			);
			name = Products;
			sourceTree = "<group>";
		};
/* End PBXGroup section */

/* Begin PBXNativeTarget section */
		19EEBB202F16A26900619A56 /* flux-dev-kontext-local */ = {
			isa = PBXNativeTarget;
			buildConfigurationList = 19EEBB282F16A26900619A56 /* Build configuration list for PBXNativeTarget "flux-dev-kontext-local" */;
			buildPhases = (
				19EEBB1D2F16A26900619A56 /* Sources */,
				19EEBB1E2F16A26900619A56 /* Frameworks */,
				19EEBB1F2F16A26900619A56 /* CopyFiles */,
			);
			buildRules = (
			);
			dependencies = (
			);
			fileSystemSynchronizedGroups = (
				19EEBB232F16A26900619A56 /* flux-dev-kontext-local */,
			);
			name = "flux-dev-kontext-local";
			packageProductDependencies = (
				19EEBB2C2F16E78700619A56 /* MLX */,
				19EEBB2E2F16E78700619A56 /* MLXFFT */,
				19EEBB302F16E78700619A56 /* MLXFast */,
				19EEBB322F16E78700619A56 /* MLXLinalg */,
				19EEBB342F16E78700619A56 /* MLXNN */,
				19EEBB372F16E7CA00619A56 /* Hub */,
				19EEBB392F16E7CA00619A56 /* Tokenizers */,
				19EEBB3B2F16E7CA00619A56 /* Transformers */,
			);
			productName = "flux-dev-kontext-local";
			productReference = 19EEBB212F16A26900619A56 /* flux-dev-kontext-local */;
			productType = "com.apple.product-type.tool";
		};
/* End PBXNativeTarget section */

/* Begin PBXProject section */
		19EEBB192F16A26900619A56 /* Project object */ = {
			isa = PBXProject;
			attributes = {
				BuildIndependentTargetsInParallel = 1;
				LastSwiftUpdateCheck = 2600;
				LastUpgradeCheck = 2600;
				TargetAttributes = {
					19EEBB202F16A26900619A56 = {
						CreatedOnToolsVersion = 26.0.1;
					};
				};
			};
			buildConfigurationList = 19EEBB1C2F16A26900619A56 /* Build configuration list for PBXProject "flux-dev-kontext-local" */;
			developmentRegion = en;
			hasScannedForEncodings = 0;
			knownRegions = (
				en,
				Base,
			);
			mainGroup = 19EEBB182F16A26900619A56;
			minimizedProjectReferenceProxies = 1;
			packageReferences = (
				19EEBB2B2F16E78700619A56 /* XCRemoteSwiftPackageReference "mlx-swift" */,
				19EEBB362F16E7CA00619A56 /* XCRemoteSwiftPackageReference "swift-transformers" */,
				19EEBB3D2F16E8BC00619A56 /* XCRemoteSwiftPackageReference "flux.swift" */,
			);
			preferredProjectObjectVersion = 77;
			productRefGroup = 19EEBB222F16A26900619A56 /* Products */;
			projectDirPath = "";
			projectRoot = "";
			targets = (
				19EEBB202F16A26900619A56 /* flux-dev-kontext-local */,
			);
		};
/* End PBXProject section */

/* Begin PBXSourcesBuildPhase section */
		19EEBB1D2F16A26900619A56 /* Sources */ = {
			isa = PBXSourcesBuildPhase;
			buildActionMask = 2147483647;
			files = (
			);
			runOnlyForDeploymentPostprocessing = 0;
		};
/* End PBXSourcesBuildPhase section */

/* Begin XCBuildConfiguration section */
		19EEBB262F16A26900619A56 /* Debug */ = {
			isa = XCBuildConfiguration;
			buildSettings = {
				ALWAYS_SEARCH_USER_PATHS = NO;
				ASSETCATALOG_COMPILER_GENERATE_SWIFT_ASSET_SYMBOL_EXTENSIONS = YES;
				CLANG_ANALYZER_NONNULL = YES;
				CLANG_ANALYZER_NUMBER_OBJECT_CONVERSION = YES_AGGRESSIVE;
				CLANG_CXX_LANGUAGE_STANDARD = "gnu++20";
				CLANG_ENABLE_MODULES = YES;
				CLANG_ENABLE_OBJC_ARC = YES;
				CLANG_ENABLE_OBJC_WEAK = YES;
				CLANG_WARN_BLOCK_CAPTURE_AUTORELEASING = YES;
				CLANG_WARN_BOOL_CONVERSION = YES;
				CLANG_WARN_COMMA = YES;
				CLANG_WARN_CONSTANT_CONVERSION = YES;
				CLANG_WARN_DEPRECATED_OBJC_IMPLEMENTATIONS = YES;
				CLANG_WARN_DIRECT_OBJC_ISA_USAGE = YES_ERROR;
				CLANG_WARN_DOCUMENTATION_COMMENTS = YES;
				CLANG_WARN_EMPTY_BODY = YES;
				CLANG_WARN_ENUM_CONVERSION = YES;
				CLANG_WARN_INFINITE_RECURSION = YES;
				CLANG_WARN_INT_CONVERSION = YES;
				CLANG_WARN_NON_LITERAL_NULL_CONVERSION = YES;
				CLANG_WARN_OBJC_IMPLICIT_RETAIN_SELF = YES;
				CLANG_WARN_OBJC_LITERAL_CONVERSION = YES;
				CLANG_WARN_OBJC_ROOT_CLASS = YES_ERROR;
				CLANG_WARN_QUOTED_INCLUDE_IN_FRAMEWORK_HEADER = YES;
				CLANG_WARN_RANGE_LOOP_ANALYSIS = YES;
				CLANG_WARN_STRICT_PROTOTYPES = YES;
				CLANG_WARN_SUSPICIOUS_MOVE = YES;
				CLANG_WARN_UNGUARDED_AVAILABILITY = YES_AGGRESSIVE;
				CLANG_WARN_UNREACHABLE_CODE = YES;
				CLANG_WARN__DUPLICATE_METHOD_MATCH = YES;
				COPY_PHASE_STRIP = NO;
				DEBUG_INFORMATION_FORMAT = dwarf;
				DEVELOPMENT_TEAM = 38BX39NM89;
				ENABLE_STRICT_OBJC_MSGSEND = YES;
				ENABLE_TESTABILITY = YES;
				ENABLE_USER_SCRIPT_SANDBOXING = YES;
				GCC_C_LANGUAGE_STANDARD = gnu17;
				GCC_DYNAMIC_NO_PIC = NO;
				GCC_NO_COMMON_BLOCKS = YES;
				GCC_OPTIMIZATION_LEVEL = 0;
				GCC_PREPROCESSOR_DEFINITIONS = (
					"DEBUG=1",
					"$(inherited)",
				);
				GCC_WARN_64_TO_32_BIT_CONVERSION = YES;
				GCC_WARN_ABOUT_RETURN_TYPE = YES_ERROR;
				GCC_WARN_UNDECLARED_SELECTOR = YES;
				GCC_WARN_UNINITIALIZED_AUTOS = YES_AGGRESSIVE;
				GCC_WARN_UNUSED_FUNCTION = YES;
				GCC_WARN_UNUSED_VARIABLE = YES;
				LOCALIZATION_PREFERS_STRING_CATALOGS = YES;
				MACOSX_DEPLOYMENT_TARGET = 26.0;
				MTL_ENABLE_DEBUG_INFO = INCLUDE_SOURCE;
				MTL_FAST_MATH = YES;
				ONLY_ACTIVE_ARCH = YES;
				SDKROOT = macosx;
				SWIFT_ACTIVE_COMPILATION_CONDITIONS = "DEBUG $(inherited)";
				SWIFT_OPTIMIZATION_LEVEL = "-Onone";
			};
			name = Debug;
		};
		19EEBB272F16A26900619A56 /* Release */ = {
			isa = XCBuildConfiguration;
			buildSettings = {
				ALWAYS_SEARCH_USER_PATHS = NO;
				ASSETCATALOG_COMPILER_GENERATE_SWIFT_ASSET_SYMBOL_EXTENSIONS = YES;
				CLANG_ANALYZER_NONNULL = YES;
				CLANG_ANALYZER_NUMBER_OBJECT_CONVERSION = YES_AGGRESSIVE;
				CLANG_CXX_LANGUAGE_STANDARD = "gnu++20";
				CLANG_ENABLE_MODULES = YES;
				CLANG_ENABLE_OBJC_ARC = YES;
				CLANG_ENABLE_OBJC_WEAK = YES;
				CLANG_WARN_BLOCK_CAPTURE_AUTORELEASING = YES;
				CLANG_WARN_BOOL_CONVERSION = YES;
				CLANG_WARN_COMMA = YES;
				CLANG_WARN_CONSTANT_CONVERSION = YES;
				CLANG_WARN_DEPRECATED_OBJC_IMPLEMENTATIONS = YES;
				CLANG_WARN_DIRECT_OBJC_ISA_USAGE = YES_ERROR;
				CLANG_WARN_DOCUMENTATION_COMMENTS = YES;
				CLANG_WARN_EMPTY_BODY = YES;
				CLANG_WARN_ENUM_CONVERSION = YES;
				CLANG_WARN_INFINITE_RECURSION = YES;
				CLANG_WARN_INT_CONVERSION = YES;
				CLANG_WARN_NON_LITERAL_NULL_CONVERSION = YES;
				CLANG_WARN_OBJC_IMPLICIT_RETAIN_SELF = YES;
				CLANG_WARN_OBJC_LITERAL_CONVERSION = YES;
				CLANG_WARN_OBJC_ROOT_CLASS = YES_ERROR;
				CLANG_WARN_QUOTED_INCLUDE_IN_FRAMEWORK_HEADER = YES;
				CLANG_WARN_RANGE_LOOP_ANALYSIS = YES;
				CLANG_WARN_STRICT_PROTOTYPES = YES;
				CLANG_WARN_SUSPICIOUS_MOVE = YES;
				CLANG_WARN_UNGUARDED_AVAILABILITY = YES_AGGRESSIVE;
				CLANG_WARN_UNREACHABLE_CODE = YES;
				CLANG_WARN__DUPLICATE_METHOD_MATCH = YES;
				COPY_PHASE_STRIP = NO;
				DEBUG_INFORMATION_FORMAT = "dwarf-with-dsym";
				DEVELOPMENT_TEAM = 38BX39NM89;
				ENABLE_NS_ASSERTIONS = NO;
				ENABLE_STRICT_OBJC_MSGSEND = YES;
				ENABLE_USER_SCRIPT_SANDBOXING = YES;
				GCC_C_LANGUAGE_STANDARD = gnu17;
				GCC_NO_COMMON_BLOCKS = YES;
				GCC_WARN_64_TO_32_BIT_CONVERSION = YES;
				GCC_WARN_ABOUT_RETURN_TYPE = YES_ERROR;
				GCC_WARN_UNDECLARED_SELECTOR = YES;
				GCC_WARN_UNINITIALIZED_AUTOS = YES_AGGRESSIVE;
				GCC_WARN_UNUSED_FUNCTION = YES;
				GCC_WARN_UNUSED_VARIABLE = YES;
				LOCALIZATION_PREFERS_STRING_CATALOGS = YES;
				MACOSX_DEPLOYMENT_TARGET = 26.0;
				MTL_ENABLE_DEBUG_INFO = NO;
				MTL_FAST_MATH = YES;
				SDKROOT = macosx;
				SWIFT_COMPILATION_MODE = wholemodule;
			};
			name = Release;
		};
		19EEBB292F16A26900619A56 /* Debug */ = {
			isa = XCBuildConfiguration;
			buildSettings = {
				CODE_SIGN_STYLE = Automatic;
				DEVELOPMENT_TEAM = 38BX39NM89;
				ENABLE_HARDENED_RUNTIME = YES;
				PRODUCT_NAME = "$(TARGET_NAME)";
				SWIFT_APPROACHABLE_CONCURRENCY = YES;
				SWIFT_UPCOMING_FEATURE_MEMBER_IMPORT_VISIBILITY = YES;
				SWIFT_VERSION = 5.0;
			};
			name = Debug;
		};
		19EEBB2A2F16A26900619A56 /* Release */ = {
			isa = XCBuildConfiguration;
			buildSettings = {
				CODE_SIGN_STYLE = Automatic;
				DEVELOPMENT_TEAM = 38BX39NM89;
				ENABLE_HARDENED_RUNTIME = YES;
				PRODUCT_NAME = "$(TARGET_NAME)";
				SWIFT_APPROACHABLE_CONCURRENCY = YES;
				SWIFT_UPCOMING_FEATURE_MEMBER_IMPORT_VISIBILITY = YES;
				SWIFT_VERSION = 5.0;
			};
			name = Release;
		};
/* End XCBuildConfiguration section */

/* Begin XCConfigurationList section */
		19EEBB1C2F16A26900619A56 /* Build configuration list for PBXProject "flux-dev-kontext-local" */ = {
			isa = XCConfigurationList;
			buildConfigurations = (
				19EEBB262F16A26900619A56 /* Debug */,
				19EEBB272F16A26900619A56 /* Release */,
			);
			defaultConfigurationIsVisible = 0;
			defaultConfigurationName = Release;
		};
		19EEBB282F16A26900619A56 /* Build configuration list for PBXNativeTarget "flux-dev-kontext-local" */ = {
			isa = XCConfigurationList;
			buildConfigurations = (
				19EEBB292F16A26900619A56 /* Debug */,
				19EEBB2A2F16A26900619A56 /* Release */,
			);
			defaultConfigurationIsVisible = 0;
			defaultConfigurationName = Release;
		};
/* End XCConfigurationList section */

/* Begin XCRemoteSwiftPackageReference section */
		19EEBB2B2F16E78700619A56 /* XCRemoteSwiftPackageReference "mlx-swift" */ = {
			isa = XCRemoteSwiftPackageReference;
			repositoryURL = "https://github.com/ml-explore/mlx-swift";
			requirement = {
				kind = upToNextMajorVersion;
				minimumVersion = 0.30.2;
			};
		};
		19EEBB362F16E7CA00619A56 /* XCRemoteSwiftPackageReference "swift-transformers" */ = {
			isa = XCRemoteSwiftPackageReference;
			repositoryURL = "https://github.com/huggingface/swift-transformers";
			requirement = {
				kind = upToNextMajorVersion;
				minimumVersion = 1.1.6;
			};
		};
		19EEBB3D2F16E8BC00619A56 /* XCRemoteSwiftPackageReference "flux.swift" */ = {
			isa = XCRemoteSwiftPackageReference;
			repositoryURL = "https://github.com/mzbac/flux.swift.git";
			requirement = {
				kind = upToNextMajorVersion;
				minimumVersion = 0.1.7;
			};
		};
/* End XCRemoteSwiftPackageReference section */

/* Begin XCSwiftPackageProductDependency section */
		19EEBB2C2F16E78700619A56 /* MLX */ = {
			isa = XCSwiftPackageProductDependency;
			package = 19EEBB2B2F16E78700619A56 /* XCRemoteSwiftPackageReference "mlx-swift" */;
			productName = MLX;
		};
		19EEBB2E2F16E78700619A56 /* MLXFFT */ = {
			isa = XCSwiftPackageProductDependency;
			package = 19EEBB2B2F16E78700619A56 /* XCRemoteSwiftPackageReference "mlx-swift" */;
			productName = MLXFFT;
		};
		19EEBB302F16E78700619A56 /* MLXFast */ = {
			isa = XCSwiftPackageProductDependency;
			package = 19EEBB2B2F16E78700619A56 /* XCRemoteSwiftPackageReference "mlx-swift" */;
			productName = MLXFast;
		};
		19EEBB322F16E78700619A56 /* MLXLinalg */ = {
			isa = XCSwiftPackageProductDependency;
			package = 19EEBB2B2F16E78700619A56 /* XCRemoteSwiftPackageReference "mlx-swift" */;
			productName = MLXLinalg;
		};
		19EEBB342F16E78700619A56 /* MLXNN */ = {
			isa = XCSwiftPackageProductDependency;
			package = 19EEBB2B2F16E78700619A56 /* XCRemoteSwiftPackageReference "mlx-swift" */;
			productName = MLXNN;
		};
		19EEBB372F16E7CA00619A56 /* Hub */ = {
			isa = XCSwiftPackageProductDependency;
			package = 19EEBB362F16E7CA00619A56 /* XCRemoteSwiftPackageReference "swift-transformers" */;
			productName = Hub;
		};
		19EEBB392F16E7CA00619A56 /* Tokenizers */ = {
			isa = XCSwiftPackageProductDependency;
			package = 19EEBB362F16E7CA00619A56 /* XCRemoteSwiftPackageReference "swift-transformers" */;
			productName = Tokenizers;
		};
		19EEBB3B2F16E7CA00619A56 /* Transformers */ = {
			isa = XCSwiftPackageProductDependency;
			package = 19EEBB362F16E7CA00619A56 /* XCRemoteSwiftPackageReference "swift-transformers" */;
			productName = Transformers;
		};
/* End XCSwiftPackageProductDependency section */
	};
	rootObject = 19EEBB192F16A26900619A56 /* Project object */;
}
